// !$*UTF8*$!
{
	archiveVersion = 1;
	classes = {
	};
	objectVersion = 77;
	objects = {

/* Begin PBXContainerItemProxy section */
		34F78DC52CBC724D00AADD40 /* PBXContainerItemProxy */ = {
			isa = PBXContainerItemProxy;
			containerPortal = 34F78DAC2CBC724B00AADD40 /* Project object */;
			proxyType = 1;
			remoteGlobalIDString = 34F78DB32CBC724B00AADD40;
			remoteInfo = "My Todos";
		};
		34F78DCF2CBC724D00AADD40 /* PBXContainerItemProxy */ = {
			isa = PBXContainerItemProxy;
			containerPortal = 34F78DAC2CBC724B00AADD40 /* Project object */;
			proxyType = 1;
			remoteGlobalIDString = 34F78DB32CBC724B00AADD40;
			remoteInfo = "My Todos";
		};
/* End PBXContainerItemProxy section */

/* Begin PBXFileReference section */
		34F78DB42CBC724B00AADD40 /* My Todos.app */ = {isa = PBXFileReference; explicitFileType = wrapper.application; includeInIndex = 0; path = "My Todos.app"; sourceTree = BUILT_PRODUCTS_DIR; };
		34F78DC42CBC724D00AADD40 /* My TodosTests.xctest */ = {isa = PBXFileReference; explicitFileType = wrapper.cfbundle; includeInIndex = 0; path = "My TodosTests.xctest"; sourceTree = BUILT_PRODUCTS_DIR; };
		34F78DCE2CBC724D00AADD40 /* My TodosUITests.xctest */ = {isa = PBXFileReference; explicitFileType = wrapper.cfbundle; includeInIndex = 0; path = "My TodosUITests.xctest"; sourceTree = BUILT_PRODUCTS_DIR; };
/* End PBXFileReference section */

/* Begin PBXFileSystemSynchronizedRootGroup section */
		34F78DB62CBC724B00AADD40 /* My Todos */ = {
			isa = PBXFileSystemSynchronizedRootGroup;
			path = "My Todos";
			sourceTree = "<group>";
		};
		34F78DC72CBC724D00AADD40 /* My TodosTests */ = {
			isa = PBXFileSystemSynchronizedRootGroup;
			path = "My TodosTests";
			sourceTree = "<group>";
		};
		34F78DD12CBC724D00AADD40 /* My TodosUITests */ = {
			isa = PBXFileSystemSynchronizedRootGroup;
			path = "My TodosUITests";
			sourceTree = "<group>";
		};
/* End PBXFileSystemSynchronizedRootGroup section */

/* Begin PBXFrameworksBuildPhase section */
		34F78DB12CBC724B00AADD40 /* Frameworks */ = {
			isa = PBXFrameworksBuildPhase;
			buildActionMask = 2147483647;
			files = (
			);
			runOnlyForDeploymentPostprocessing = 0;
		};
		34F78DC12CBC724D00AADD40 /* Frameworks */ = {
			isa = PBXFrameworksBuildPhase;
			buildActionMask = 2147483647;
			files = (
			);
			runOnlyForDeploymentPostprocessing = 0;
		};
		34F78DCB2CBC724D00AADD40 /* Frameworks */ = {
			isa = PBXFrameworksBuildPhase;
			buildActionMask = 2147483647;
			files = (
			);
			runOnlyForDeploymentPostprocessing = 0;
		};
/* End PBXFrameworksBuildPhase section */

/* Begin PBXGroup section */
		34F78DAB2CBC724B00AADD40 = {
			isa = PBXGroup;
			children = (
				34F78DB62CBC724B00AADD40 /* My Todos */,
				34F78DC72CBC724D00AADD40 /* My TodosTests */,
				34F78DD12CBC724D00AADD40 /* My TodosUITests */,
				34F78DB52CBC724B00AADD40 /* Products */,
			);
			sourceTree = "<group>";
		};
		34F78DB52CBC724B00AADD40 /* Products */ = {
			isa = PBXGroup;
			children = (
				34F78DB42CBC724B00AADD40 /* My Todos.app */,
				34F78DC42CBC724D00AADD40 /* My TodosTests.xctest */,
				34F78DCE2CBC724D00AADD40 /* My TodosUITests.xctest */,
			);
			name = Products;
			sourceTree = "<group>";
		};
/* End PBXGroup section */

/* Begin PBXNativeTarget section */
		34F78DB32CBC724B00AADD40 /* My Todos */ = {
			isa = PBXNativeTarget;
			buildConfigurationList = 34F78DD82CBC724D00AADD40 /* Build configuration list for PBXNativeTarget "My Todos" */;
			buildPhases = (
				34F78DB02CBC724B00AADD40 /* Sources */,
				34F78DB12CBC724B00AADD40 /* Frameworks */,
				34F78DB22CBC724B00AADD40 /* Resources */,
			);
			buildRules = (
			);
			dependencies = (
			);
			fileSystemSynchronizedGroups = (
				34F78DB62CBC724B00AADD40 /* My Todos */,
			);
			name = "My Todos";
			packageProductDependencies = (
			);
			productName = "My Todos";
			productReference = 34F78DB42CBC724B00AADD40 /* My Todos.app */;
			productType = "com.apple.product-type.application";
		};
		34F78DC32CBC724D00AADD40 /* My TodosTests */ = {
			isa = PBXNativeTarget;
			buildConfigurationList = 34F78DDB2CBC724D00AADD40 /* Build configuration list for PBXNativeTarget "My TodosTests" */;
			buildPhases = (
				34F78DC02CBC724D00AADD40 /* Sources */,
				34F78DC12CBC724D00AADD40 /* Frameworks */,
				34F78DC22CBC724D00AADD40 /* Resources */,
			);
			buildRules = (
			);
			dependencies = (
				34F78DC62CBC724D00AADD40 /* PBXTargetDependency */,
			);
			fileSystemSynchronizedGroups = (
				34F78DC72CBC724D00AADD40 /* My TodosTests */,
			);
			name = "My TodosTests";
			packageProductDependencies = (
			);
			productName = "My TodosTests";
			productReference = 34F78DC42CBC724D00AADD40 /* My TodosTests.xctest */;
			productType = "com.apple.product-type.bundle.unit-test";
		};
		34F78DCD2CBC724D00AADD40 /* My TodosUITests */ = {
			isa = PBXNativeTarget;
			buildConfigurationList = 34F78DDE2CBC724D00AADD40 /* Build configuration list for PBXNativeTarget "My TodosUITests" */;
			buildPhases = (
				34F78DCA2CBC724D00AADD40 /* Sources */,
				34F78DCB2CBC724D00AADD40 /* Frameworks */,
				34F78DCC2CBC724D00AADD40 /* Resources */,
			);
			buildRules = (
			);
			dependencies = (
				34F78DD02CBC724D00AADD40 /* PBXTargetDependency */,
			);
			fileSystemSynchronizedGroups = (
				34F78DD12CBC724D00AADD40 /* My TodosUITests */,
			);
			name = "My TodosUITests";
			packageProductDependencies = (
			);
			productName = "My TodosUITests";
			productReference = 34F78DCE2CBC724D00AADD40 /* My TodosUITests.xctest */;
			productType = "com.apple.product-type.bundle.ui-testing";
		};
/* End PBXNativeTarget section */

/* Begin PBXProject section */
		34F78DAC2CBC724B00AADD40 /* Project object */ = {
			isa = PBXProject;
			attributes = {
				BuildIndependentTargetsInParallel = 1;
				LastSwiftUpdateCheck = 1600;
				LastUpgradeCheck = 1600;
				TargetAttributes = {
					34F78DB32CBC724B00AADD40 = {
						CreatedOnToolsVersion = 16.0;
					};
					34F78DC32CBC724D00AADD40 = {
						CreatedOnToolsVersion = 16.0;
						TestTargetID = 34F78DB32CBC724B00AADD40;
					};
					34F78DCD2CBC724D00AADD40 = {
						CreatedOnToolsVersion = 16.0;
						TestTargetID = 34F78DB32CBC724B00AADD40;
					};
				};
			};
			buildConfigurationList = 34F78DAF2CBC724B00AADD40 /* Build configuration list for PBXProject "My Todos" */;
			developmentRegion = en;
			hasScannedForEncodings = 0;
			knownRegions = (
				en,
				Base,
			);
			mainGroup = 34F78DAB2CBC724B00AADD40;
			minimizedProjectReferenceProxies = 1;
			preferredProjectObjectVersion = 77;
			productRefGroup = 34F78DB52CBC724B00AADD40 /* Products */;
			projectDirPath = "";
			projectRoot = "";
			targets = (
				34F78DB32CBC724B00AADD40 /* My Todos */,
				34F78DC32CBC724D00AADD40 /* My TodosTests */,
				34F78DCD2CBC724D00AADD40 /* My TodosUITests */,
			);
		};
/* End PBXProject section */

/* Begin PBXResourcesBuildPhase section */
		34F78DB22CBC724B00AADD40 /* Resources */ = {
			isa = PBXResourcesBuildPhase;
			buildActionMask = 2147483647;
			files = (
			);
			runOnlyForDeploymentPostprocessing = 0;
		};
		34F78DC22CBC724D00AADD40 /* Resources */ = {
			isa = PBXResourcesBuildPhase;
			buildActionMask = 2147483647;
			files = (
			);
			runOnlyForDeploymentPostprocessing = 0;
		};
		34F78DCC2CBC724D00AADD40 /* Resources */ = {
			isa = PBXResourcesBuildPhase;
			buildActionMask = 2147483647;
			files = (
			);
			runOnlyForDeploymentPostprocessing = 0;
		};
/* End PBXResourcesBuildPhase section */

/* Begin PBXSourcesBuildPhase section */
		34F78DB02CBC724B00AADD40 /* Sources */ = {
			isa = PBXSourcesBuildPhase;
			buildActionMask = 2147483647;
			files = (
			);
			runOnlyForDeploymentPostprocessing = 0;
		};
		34F78DC02CBC724D00AADD40 /* Sources */ = {
			isa = PBXSourcesBuildPhase;
			buildActionMask = 2147483647;
			files = (
			);
			runOnlyForDeploymentPostprocessing = 0;
		};
		34F78DCA2CBC724D00AADD40 /* Sources */ = {
			isa = PBXSourcesBuildPhase;
			buildActionMask = 2147483647;
			files = (
			);
			runOnlyForDeploymentPostprocessing = 0;
		};
/* End PBXSourcesBuildPhase section */

/* Begin PBXTargetDependency section */
		34F78DC62CBC724D00AADD40 /* PBXTargetDependency */ = {
			isa = PBXTargetDependency;
			target = 34F78DB32CBC724B00AADD40 /* My Todos */;
			targetProxy = 34F78DC52CBC724D00AADD40 /* PBXContainerItemProxy */;
		};
		34F78DD02CBC724D00AADD40 /* PBXTargetDependency */ = {
			isa = PBXTargetDependency;
			target = 34F78DB32CBC724B00AADD40 /* My Todos */;
			targetProxy = 34F78DCF2CBC724D00AADD40 /* PBXContainerItemProxy */;
		};
/* End PBXTargetDependency section */

/* Begin XCBuildConfiguration section */
		34F78DD62CBC724D00AADD40 /* Debug */ = {
			isa = XCBuildConfiguration;
			buildSettings = {
				ALWAYS_SEARCH_USER_PATHS = NO;
				ASSETCATALOG_COMPILER_GENERATE_SWIFT_ASSET_SYMBOL_EXTENSIONS = YES;
				CLANG_ANALYZER_NONNULL = YES;
				CLANG_ANALYZER_NUMBER_OBJECT_CONVERSION = YES_AGGRESSIVE;
				CLANG_CXX_LANGUAGE_STANDARD = "gnu++20";
				CLANG_ENABLE_MODULES = YES;
				CLANG_ENABLE_OBJC_ARC = YES;
				CLANG_ENABLE_OBJC_WEAK = YES;
				CLANG_WARN_BLOCK_CAPTURE_AUTORELEASING = YES;
				CLANG_WARN_BOOL_CONVERSION = YES;
				CLANG_WARN_COMMA = YES;
				CLANG_WARN_CONSTANT_CONVERSION = YES;
				CLANG_WARN_DEPRECATED_OBJC_IMPLEMENTATIONS = YES;
				CLANG_WARN_DIRECT_OBJC_ISA_USAGE = YES_ERROR;
				CLANG_WARN_DOCUMENTATION_COMMENTS = YES;
				CLANG_WARN_EMPTY_BODY = YES;
				CLANG_WARN_ENUM_CONVERSION = YES;
				CLANG_WARN_INFINITE_RECURSION = YES;
				CLANG_WARN_INT_CONVERSION = YES;
				CLANG_WARN_NON_LITERAL_NULL_CONVERSION = YES;
				CLANG_WARN_OBJC_IMPLICIT_RETAIN_SELF = YES;
				CLANG_WARN_OBJC_LITERAL_CONVERSION = YES;
				CLANG_WARN_OBJC_ROOT_CLASS = YES_ERROR;
				CLANG_WARN_QUOTED_INCLUDE_IN_FRAMEWORK_HEADER = YES;
				CLANG_WARN_RANGE_LOOP_ANALYSIS = YES;
				CLANG_WARN_STRICT_PROTOTYPES = YES;
				CLANG_WARN_SUSPICIOUS_MOVE = YES;
				CLANG_WARN_UNGUARDED_AVAILABILITY = YES_AGGRESSIVE;
				CLANG_WARN_UNREACHABLE_CODE = YES;
				CLANG_WARN__DUPLICATE_METHOD_MATCH = YES;
				COPY_PHASE_STRIP = NO;
				DEBUG_INFORMATION_FORMAT = dwarf;
				ENABLE_STRICT_OBJC_MSGSEND = YES;
				ENABLE_TESTABILITY = YES;
				ENABLE_USER_SCRIPT_SANDBOXING = YES;
				GCC_C_LANGUAGE_STANDARD = gnu17;
				GCC_DYNAMIC_NO_PIC = NO;
				GCC_NO_COMMON_BLOCKS = YES;
				GCC_OPTIMIZATION_LEVEL = 0;
				GCC_PREPROCESSOR_DEFINITIONS = (
					"DEBUG=1",
					"$(inherited)",
				);
				GCC_WARN_64_TO_32_BIT_CONVERSION = YES;
				GCC_WARN_ABOUT_RETURN_TYPE = YES_ERROR;
				GCC_WARN_UNDECLARED_SELECTOR = YES;
				GCC_WARN_UNINITIALIZED_AUTOS = YES_AGGRESSIVE;
				GCC_WARN_UNUSED_FUNCTION = YES;
				GCC_WARN_UNUSED_VARIABLE = YES;
				IPHONEOS_DEPLOYMENT_TARGET = 18.0;
				LOCALIZATION_PREFERS_STRING_CATALOGS = YES;
				MTL_ENABLE_DEBUG_INFO = INCLUDE_SOURCE;
				MTL_FAST_MATH = YES;
				ONLY_ACTIVE_ARCH = YES;
				SDKROOT = iphoneos;
				SWIFT_ACTIVE_COMPILATION_CONDITIONS = "DEBUG $(inherited)";
				SWIFT_OPTIMIZATION_LEVEL = "-Onone";
			};
			name = Debug;
		};
		34F78DD72CBC724D00AADD40 /* Release */ = {
			isa = XCBuildConfiguration;
			buildSettings = {
				ALWAYS_SEARCH_USER_PATHS = NO;
				ASSETCATALOG_COMPILER_GENERATE_SWIFT_ASSET_SYMBOL_EXTENSIONS = YES;
				CLANG_ANALYZER_NONNULL = YES;
				CLANG_ANALYZER_NUMBER_OBJECT_CONVERSION = YES_AGGRESSIVE;
				CLANG_CXX_LANGUAGE_STANDARD = "gnu++20";
				CLANG_ENABLE_MODULES = YES;
				CLANG_ENABLE_OBJC_ARC = YES;
				CLANG_ENABLE_OBJC_WEAK = YES;
				CLANG_WARN_BLOCK_CAPTURE_AUTORELEASING = YES;
				CLANG_WARN_BOOL_CONVERSION = YES;
				CLANG_WARN_COMMA = YES;
				CLANG_WARN_CONSTANT_CONVERSION = YES;
				CLANG_WARN_DEPRECATED_OBJC_IMPLEMENTATIONS = YES;
				CLANG_WARN_DIRECT_OBJC_ISA_USAGE = YES_ERROR;
				CLANG_WARN_DOCUMENTATION_COMMENTS = YES;
				CLANG_WARN_EMPTY_BODY = YES;
				CLANG_WARN_ENUM_CONVERSION = YES;
				CLANG_WARN_INFINITE_RECURSION = YES;
				CLANG_WARN_INT_CONVERSION = YES;
				CLANG_WARN_NON_LITERAL_NULL_CONVERSION = YES;
				CLANG_WARN_OBJC_IMPLICIT_RETAIN_SELF = YES;
				CLANG_WARN_OBJC_LITERAL_CONVERSION = YES;
				CLANG_WARN_OBJC_ROOT_CLASS = YES_ERROR;
				CLANG_WARN_QUOTED_INCLUDE_IN_FRAMEWORK_HEADER = YES;
				CLANG_WARN_RANGE_LOOP_ANALYSIS = YES;
				CLANG_WARN_STRICT_PROTOTYPES = YES;
				CLANG_WARN_SUSPICIOUS_MOVE = YES;
				CLANG_WARN_UNGUARDED_AVAILABILITY = YES_AGGRESSIVE;
				CLANG_WARN_UNREACHABLE_CODE = YES;
				CLANG_WARN__DUPLICATE_METHOD_MATCH = YES;
				COPY_PHASE_STRIP = NO;
				DEBUG_INFORMATION_FORMAT = "dwarf-with-dsym";
				ENABLE_NS_ASSERTIONS = NO;
				ENABLE_STRICT_OBJC_MSGSEND = YES;
				ENABLE_USER_SCRIPT_SANDBOXING = YES;
				GCC_C_LANGUAGE_STANDARD = gnu17;
				GCC_NO_COMMON_BLOCKS = YES;
				GCC_WARN_64_TO_32_BIT_CONVERSION = YES;
				GCC_WARN_ABOUT_RETURN_TYPE = YES_ERROR;
				GCC_WARN_UNDECLARED_SELECTOR = YES;
				GCC_WARN_UNINITIALIZED_AUTOS = YES_AGGRESSIVE;
				GCC_WARN_UNUSED_FUNCTION = YES;
				GCC_WARN_UNUSED_VARIABLE = YES;
				IPHONEOS_DEPLOYMENT_TARGET = 18.0;
				LOCALIZATION_PREFERS_STRING_CATALOGS = YES;
				MTL_ENABLE_DEBUG_INFO = NO;
				MTL_FAST_MATH = YES;
				SDKROOT = iphoneos;
				SWIFT_COMPILATION_MODE = wholemodule;
				VALIDATE_PRODUCT = YES;
			};
			name = Release;
		};
		34F78DD92CBC724D00AADD40 /* Debug */ = {
			isa = XCBuildConfiguration;
			buildSettings = {
				ASSETCATALOG_COMPILER_APPICON_NAME = AppIcon;
				ASSETCATALOG_COMPILER_GLOBAL_ACCENT_COLOR_NAME = AccentColor;
				CODE_SIGN_STYLE = Automatic;
				CURRENT_PROJECT_VERSION = 1;
				DEVELOPMENT_ASSET_PATHS = "\"My Todos/Preview Content\"";
				DEVELOPMENT_TEAM = CA32HVBRW7;
				ENABLE_PREVIEWS = YES;
				GENERATE_INFOPLIST_FILE = YES;
				INFOPLIST_KEY_UIApplicationSceneManifest_Generation = YES;
				INFOPLIST_KEY_UIApplicationSupportsIndirectInputEvents = YES;
				INFOPLIST_KEY_UILaunchScreen_Generation = YES;
				INFOPLIST_KEY_UISupportedInterfaceOrientations_iPad = "UIInterfaceOrientationPortrait UIInterfaceOrientationPortraitUpsideDown UIInterfaceOrientationLandscapeLeft UIInterfaceOrientationLandscapeRight";
				INFOPLIST_KEY_UISupportedInterfaceOrientations_iPhone = "UIInterfaceOrientationPortrait UIInterfaceOrientationLandscapeLeft UIInterfaceOrientationLandscapeRight";
				LD_RUNPATH_SEARCH_PATHS = (
					"$(inherited)",
					"@executable_path/Frameworks",
				);
				MARKETING_VERSION = 1.0;
				PRODUCT_BUNDLE_IDENTIFIER = "Ana-Carolina-Magalhaes.My-Todos";
				PRODUCT_NAME = "$(TARGET_NAME)";
				SWIFT_EMIT_LOC_STRINGS = YES;
				SWIFT_VERSION = 5.0;
				TARGETED_DEVICE_FAMILY = "1,2";
			};
			name = Debug;
		};
		34F78DDA2CBC724D00AADD40 /* Release */ = {
			isa = XCBuildConfiguration;
			buildSettings = {
				ASSETCATALOG_COMPILER_APPICON_NAME = AppIcon;
				ASSETCATALOG_COMPILER_GLOBAL_ACCENT_COLOR_NAME = AccentColor;
				CODE_SIGN_STYLE = Automatic;
				CURRENT_PROJECT_VERSION = 1;
				DEVELOPMENT_ASSET_PATHS = "\"My Todos/Preview Content\"";
				DEVELOPMENT_TEAM = CA32HVBRW7;
				ENABLE_PREVIEWS = YES;
				GENERATE_INFOPLIST_FILE = YES;
				INFOPLIST_KEY_UIApplicationSceneManifest_Generation = YES;
				INFOPLIST_KEY_UIApplicationSupportsIndirectInputEvents = YES;
				INFOPLIST_KEY_UILaunchScreen_Generation = YES;
				INFOPLIST_KEY_UISupportedInterfaceOrientations_iPad = "UIInterfaceOrientationPortrait UIInterfaceOrientationPortraitUpsideDown UIInterfaceOrientationLandscapeLeft UIInterfaceOrientationLandscapeRight";
				INFOPLIST_KEY_UISupportedInterfaceOrientations_iPhone = "UIInterfaceOrientationPortrait UIInterfaceOrientationLandscapeLeft UIInterfaceOrientationLandscapeRight";
				LD_RUNPATH_SEARCH_PATHS = (
					"$(inherited)",
					"@executable_path/Frameworks",
				);
				MARKETING_VERSION = 1.0;
				PRODUCT_BUNDLE_IDENTIFIER = "Ana-Carolina-Magalhaes.My-Todos";
				PRODUCT_NAME = "$(TARGET_NAME)";
				SWIFT_EMIT_LOC_STRINGS = YES;
				SWIFT_VERSION = 5.0;
				TARGETED_DEVICE_FAMILY = "1,2";
			};
			name = Release;
		};
		34F78DDC2CBC724D00AADD40 /* Debug */ = {
			isa = XCBuildConfiguration;
			buildSettings = {
				BUNDLE_LOADER = "$(TEST_HOST)";
				CODE_SIGN_STYLE = Automatic;
				CURRENT_PROJECT_VERSION = 1;
				DEVELOPMENT_TEAM = CA32HVBRW7;
				GENERATE_INFOPLIST_FILE = YES;
				IPHONEOS_DEPLOYMENT_TARGET = 18.0;
				MARKETING_VERSION = 1.0;
				PRODUCT_BUNDLE_IDENTIFIER = "Ana-Carolina-Magalhaes.My-TodosTests";
				PRODUCT_NAME = "$(TARGET_NAME)";
				SWIFT_EMIT_LOC_STRINGS = NO;
				SWIFT_VERSION = 5.0;
				TARGETED_DEVICE_FAMILY = "1,2";
				TEST_HOST = "$(BUILT_PRODUCTS_DIR)/My Todos.app/$(BUNDLE_EXECUTABLE_FOLDER_PATH)/My Todos";
			};
			name = Debug;
		};
		34F78DDD2CBC724D00AADD40 /* Release */ = {
			isa = XCBuildConfiguration;
			buildSettings = {
				BUNDLE_LOADER = "$(TEST_HOST)";
				CODE_SIGN_STYLE = Automatic;
				CURRENT_PROJECT_VERSION = 1;
				DEVELOPMENT_TEAM = CA32HVBRW7;
				GENERATE_INFOPLIST_FILE = YES;
				IPHONEOS_DEPLOYMENT_TARGET = 18.0;
				MARKETING_VERSION = 1.0;
				PRODUCT_BUNDLE_IDENTIFIER = "Ana-Carolina-Magalhaes.My-TodosTests";
				PRODUCT_NAME = "$(TARGET_NAME)";
				SWIFT_EMIT_LOC_STRINGS = NO;
				SWIFT_VERSION = 5.0;
				TARGETED_DEVICE_FAMILY = "1,2";
				TEST_HOST = "$(BUILT_PRODUCTS_DIR)/My Todos.app/$(BUNDLE_EXECUTABLE_FOLDER_PATH)/My Todos";
			};
			name = Release;
		};
		34F78DDF2CBC724D00AADD40 /* Debug */ = {
			isa = XCBuildConfiguration;
			buildSettings = {
				CODE_SIGN_STYLE = Automatic;
				CURRENT_PROJECT_VERSION = 1;
				DEVELOPMENT_TEAM = CA32HVBRW7;
				GENERATE_INFOPLIST_FILE = YES;
				MARKETING_VERSION = 1.0;
				PRODUCT_BUNDLE_IDENTIFIER = "Ana-Carolina-Magalhaes.My-TodosUITests";
				PRODUCT_NAME = "$(TARGET_NAME)";
				SWIFT_EMIT_LOC_STRINGS = NO;
				SWIFT_VERSION = 5.0;
				TARGETED_DEVICE_FAMILY = "1,2";
				TEST_TARGET_NAME = "My Todos";
			};
			name = Debug;
		};
		34F78DE02CBC724D00AADD40 /* Release */ = {
			isa = XCBuildConfiguration;
			buildSettings = {
				CODE_SIGN_STYLE = Automatic;
				CURRENT_PROJECT_VERSION = 1;
				DEVELOPMENT_TEAM = CA32HVBRW7;
				GENERATE_INFOPLIST_FILE = YES;
				MARKETING_VERSION = 1.0;
				PRODUCT_BUNDLE_IDENTIFIER = "Ana-Carolina-Magalhaes.My-TodosUITests";
				PRODUCT_NAME = "$(TARGET_NAME)";
				SWIFT_EMIT_LOC_STRINGS = NO;
				SWIFT_VERSION = 5.0;
				TARGETED_DEVICE_FAMILY = "1,2";
				TEST_TARGET_NAME = "My Todos";
			};
			name = Release;
		};
/* End XCBuildConfiguration section */

/* Begin XCConfigurationList section */
		34F78DAF2CBC724B00AADD40 /* Build configuration list for PBXProject "My Todos" */ = {
			isa = XCConfigurationList;
			buildConfigurations = (
				34F78DD62CBC724D00AADD40 /* Debug */,
				34F78DD72CBC724D00AADD40 /* Release */,
			);
			defaultConfigurationIsVisible = 0;
			defaultConfigurationName = Release;
		};
		34F78DD82CBC724D00AADD40 /* Build configuration list for PBXNativeTarget "My Todos" */ = {
			isa = XCConfigurationList;
			buildConfigurations = (
				34F78DD92CBC724D00AADD40 /* Debug */,
				34F78DDA2CBC724D00AADD40 /* Release */,
			);
			defaultConfigurationIsVisible = 0;
			defaultConfigurationName = Release;
		};
		34F78DDB2CBC724D00AADD40 /* Build configuration list for PBXNativeTarget "My TodosTests" */ = {
			isa = XCConfigurationList;
			buildConfigurations = (
				34F78DDC2CBC724D00AADD40 /* Debug */,
				34F78DDD2CBC724D00AADD40 /* Release */,
			);
			defaultConfigurationIsVisible = 0;
			defaultConfigurationName = Release;
		};
		34F78DDE2CBC724D00AADD40 /* Build configuration list for PBXNativeTarget "My TodosUITests" */ = {
			isa = XCConfigurationList;
			buildConfigurations = (
				34F78DDF2CBC724D00AADD40 /* Debug */,
				34F78DE02CBC724D00AADD40 /* Release */,
			);
			defaultConfigurationIsVisible = 0;
			defaultConfigurationName = Release;
		};
/* End XCConfigurationList section */
	};
	rootObject = 34F78DAC2CBC724B00AADD40 /* Project object */;
}
